{
  "name": "nebulosa",
  "version": "0.1.0",
  "lockfileVersion": 3,
  "requires": true,
  "packages": {
    "": {
      "name": "nebulosa",
      "version": "0.1.0",
      "license": "MIT",
      "dependencies": {
        "@stomp/stompjs": "7.0.0",
        "ws": "8.14.2"
      }
    },
    "node_modules/@stomp/stompjs": {
      "version": "7.0.0",
      "resolved": "https://registry.npmjs.org/@stomp/stompjs/-/stompjs-7.0.0.tgz",
      "integrity": "sha512-fGdq4wPDnSV/KyOsjq4P+zLc8MFWC3lMmP5FBgLWKPJTYcuCbAIrnRGjB7q2jHZdYCOD5vxLuFoKIYLy5/u8Pw=="
    },
    "node_modules/ws": {
      "version": "8.14.2",
      "resolved": "https://registry.npmjs.org/ws/-/ws-8.14.2.tgz",
      "integrity": "sha512-wEBG1ftX4jcglPxgFCMJmZ2PLtSbJ2Peg6TmpJFTbe9GZYOQCDPdMYu/Tm0/bGZkw8paZnJY45J4K2PZrLYq8g==",
      "engines": {
        "node": ">=10.0.0"
      },
      "peerDependencies": {
        "bufferutil": "^4.0.1",
        "utf-8-validate": ">=5.0.2"
      },
      "peerDependenciesMeta": {
        "bufferutil": {
          "optional": true
        },
        "utf-8-validate": {
          "optional": true
        }
      }
    }
  }
}
