{
  "name": "nebulosa",
  "version": "0.1.0",
  "lockfileVersion": 3,
  "requires": true,
  "packages": {
    "": {
      "name": "nebulosa",
      "version": "0.1.0",
      "dependencies": {
        "hex-encoding": "1.0.0"
      }
    },
    "node_modules/hex-encoding": {
      "version": "1.0.0",
      "resolved": "https://registry.npmjs.org/hex-encoding/-/hex-encoding-1.0.0.tgz",
      "integrity": "sha512-ImSoYMj0c5xMem/95thXgZIwDYrnf7iRzPQB3l6xXc0rYvht5/n3AA20FrYdqBBlVTrPDxUs1CfDx8u1QsnHQA==",
      "dependencies": {
        "uint8-encoding": "^1.0.0"
      }
    },
    "node_modules/uint8-encoding": {
      "version": "1.0.0",
      "resolved": "https://registry.npmjs.org/uint8-encoding/-/uint8-encoding-1.0.0.tgz",
      "integrity": "sha512-1gKKBA1nw+ViIh5yZa5PjvAry38mBU/dnQy0cjzCqQXj1MUJhlHFtFYv5laL7k9cADchLlNJnEK2ZAkbirgYaw=="
    }
  }
}
